
Microsoft Visual Studio Solution File, Format Version 12.00
# Visual Studio Version 17
VisualStudioVersion = 17.4.33103.184
MinimumVisualStudioVersion = 10.0.40219.1
Project("{9A19103F-16F7-4668-BE54-9A1E7A4F7556}") = "BrandUp.CardDav.Client", "src\BrandUp.CardDav.Client\BrandUp.CardDav.Client.csproj", "{7CC76984-0528-494E-BD8E-052DA1899174}"
EndProject
Project("{2150E333-8FDC-42A3-9474-1A3956D46DE8}") = "src", "src", "{6DDD5B1D-8134-4C07-98A2-0554CA30A404}"
EndProject
Project("{2150E333-8FDC-42A3-9474-1A3956D46DE8}") = "test", "test", "{8DBD6145-DB83-4FFC-BEF6-1FEC26862D17}"
EndProject
Project("{9A19103F-16F7-4668-BE54-9A1E7A4F7556}") = "BrandUp.CardDav.Client.Tests", "test\BrandUp.CardDav.Client.Test\BrandUp.CardDav.Client.Tests.csproj", "{B11DC985-4F39-44E9-90D8-200C5C9BEA44}"
EndProject
Project("{FAE04EC0-301F-11D3-BF4B-00C04F79EFBC}") = "BrandUp.VCard", "src\BrandUp.VCard\BrandUp.VCard.csproj", "{FEECD2DC-9D74-41A2-BEA5-36DE01DA75BE}"
EndProject
Project("{FAE04EC0-301F-11D3-BF4B-00C04F79EFBC}") = "BrandUp.VCard.Tests", "test\BrandUp.VCard.Tests\BrandUp.VCard.Tests.csproj", "{DA853FA0-5817-4FFC-8CDD-124C97531361}"
EndProject
Global
	GlobalSection(SolutionConfigurationPlatforms) = preSolution
		Debug|Any CPU = Debug|Any CPU
		Release|Any CPU = Release|Any CPU
	EndGlobalSection
	GlobalSection(ProjectConfigurationPlatforms) = postSolution
		{7CC76984-0528-494E-BD8E-052DA1899174}.Debug|Any CPU.ActiveCfg = Debug|Any CPU
		{7CC76984-0528-494E-BD8E-052DA1899174}.Debug|Any CPU.Build.0 = Debug|Any CPU
		{7CC76984-0528-494E-BD8E-052DA1899174}.Release|Any CPU.ActiveCfg = Release|Any CPU
		{7CC76984-0528-494E-BD8E-052DA1899174}.Release|Any CPU.Build.0 = Release|Any CPU
		{B11DC985-4F39-44E9-90D8-200C5C9BEA44}.Debug|Any CPU.ActiveCfg = Debug|Any CPU
		{B11DC985-4F39-44E9-90D8-200C5C9BEA44}.Debug|Any CPU.Build.0 = Debug|Any CPU
		{B11DC985-4F39-44E9-90D8-200C5C9BEA44}.Release|Any CPU.ActiveCfg = Release|Any CPU
		{B11DC985-4F39-44E9-90D8-200C5C9BEA44}.Release|Any CPU.Build.0 = Release|Any CPU
		{FEECD2DC-9D74-41A2-BEA5-36DE01DA75BE}.Debug|Any CPU.ActiveCfg = Debug|Any CPU
		{FEECD2DC-9D74-41A2-BEA5-36DE01DA75BE}.Debug|Any CPU.Build.0 = Debug|Any CPU
		{FEECD2DC-9D74-41A2-BEA5-36DE01DA75BE}.Release|Any CPU.ActiveCfg = Release|Any CPU
		{FEECD2DC-9D74-41A2-BEA5-36DE01DA75BE}.Release|Any CPU.Build.0 = Release|Any CPU
		{DA853FA0-5817-4FFC-8CDD-124C97531361}.Debug|Any CPU.ActiveCfg = Debug|Any CPU
		{DA853FA0-5817-4FFC-8CDD-124C97531361}.Debug|Any CPU.Build.0 = Debug|Any CPU
		{DA853FA0-5817-4FFC-8CDD-124C97531361}.Release|Any CPU.ActiveCfg = Release|Any CPU
		{DA853FA0-5817-4FFC-8CDD-124C97531361}.Release|Any CPU.Build.0 = Release|Any CPU
	EndGlobalSection
	GlobalSection(SolutionProperties) = preSolution
		HideSolutionNode = FALSE
	EndGlobalSection
	GlobalSection(NestedProjects) = preSolution
		{7CC76984-0528-494E-BD8E-052DA1899174} = {6DDD5B1D-8134-4C07-98A2-0554CA30A404}
		{B11DC985-4F39-44E9-90D8-200C5C9BEA44} = {8DBD6145-DB83-4FFC-BEF6-1FEC26862D17}
		{FEECD2DC-9D74-41A2-BEA5-36DE01DA75BE} = {6DDD5B1D-8134-4C07-98A2-0554CA30A404}
		{DA853FA0-5817-4FFC-8CDD-124C97531361} = {8DBD6145-DB83-4FFC-BEF6-1FEC26862D17}
	EndGlobalSection
	GlobalSection(ExtensibilityGlobals) = postSolution
		SolutionGuid = {ED05228A-9B25-4B08-B75C-28608FE2100D}
	EndGlobalSection
EndGlobal
