
Microsoft Visual Studio Solution File, Format Version 12.00
# Visual Studio Version 17
VisualStudioVersion = 17.4.33103.184
MinimumVisualStudioVersion = 10.0.40219.1
Project("{2150E333-8FDC-42A3-9474-1A3956D46DE8}") = "src", "src", "{EA4F368D-472D-4FAE-82CC-CAF8F1B8AE53}"
EndProject
Project("{2150E333-8FDC-42A3-9474-1A3956D46DE8}") = "tests", "tests", "{70C8043F-300F-4F04-B010-697F41437BF3}"
EndProject
Project("{2150E333-8FDC-42A3-9474-1A3956D46DE8}") = "example", "example", "{B18D0C72-1893-4DAA-AE72-6A21378DCA1A}"
EndProject
Project("{9A19103F-16F7-4668-BE54-9A1E7A4F7556}") = "BrandUp.CardDav.Server.Example", "example\BrandUp.CardDav.Server.Example\BrandUp.CardDav.Server.Example.csproj", "{5A6F2ED2-54B7-4447-BD76-9071B9597624}"
EndProject
Project("{9A19103F-16F7-4668-BE54-9A1E7A4F7556}") = "BrandUp.CardDav.Client", "src\BrandUp.CardDav.Client\BrandUp.CardDav.Client.csproj", "{DF153450-C715-43F5-A394-12830565AAB9}"
EndProject
Project("{9A19103F-16F7-4668-BE54-9A1E7A4F7556}") = "BrandUp.CardDav.VCard", "src\BrandUp.VCard\BrandUp.CardDav.VCard.csproj", "{BA7354DD-5573-401D-A8AE-713A82A71DEE}"
EndProject
Project("{9A19103F-16F7-4668-BE54-9A1E7A4F7556}") = "BrandUp.CardDav.Client.Tests", "test\BrandUp.CardDav.Client.Test\BrandUp.CardDav.Client.Tests.csproj", "{9CAF913C-A0B8-4874-ADEB-F92C3E8A307F}"
EndProject
Project("{9A19103F-16F7-4668-BE54-9A1E7A4F7556}") = "BrandUp.CardDav.Transport", "src\BrandUp.CardDav.Transport\BrandUp.CardDav.Transport.csproj", "{BFFA5ECE-D7B8-475B-9C0D-0A55942CD58D}"
EndProject
Project("{9A19103F-16F7-4668-BE54-9A1E7A4F7556}") = "BrandUp.CardDav.VCard.Tests", "test\BrandUp.VCard.Tests\BrandUp.CardDav.VCard.Tests.csproj", "{85481F14-17F4-43E7-AE44-0407C775C5E9}"
EndProject
Project("{9A19103F-16F7-4668-BE54-9A1E7A4F7556}") = "BrandUp.CardDav.Attributes", "src\BrandUp.CardDav.Attributes\BrandUp.CardDav.Attributes.csproj", "{EDD38BD1-BCB5-4831-B5E7-7244DD34A570}"
EndProject
Project("{9A19103F-16F7-4668-BE54-9A1E7A4F7556}") = "BrandUp.CardDav.Server.Tests", "test\BrandUp.CardDav.Server.Tests\BrandUp.CardDav.Server.Tests.csproj", "{E2F798FD-F110-4227-A961-2ADF98B2FF27}"
EndProject
Project("{9A19103F-16F7-4668-BE54-9A1E7A4F7556}") = "BrandUp.CardDav.Transport.Abstract", "src\BrandUp.CardDav.Transport.Abstract\BrandUp.CardDav.Transport.Abstract.csproj", "{E743105A-F0D3-4EED-8672-302584331661}"
EndProject
Project("{9A19103F-16F7-4668-BE54-9A1E7A4F7556}") = "BrandUp.CardDav.Server", "src\BrandUp.CardDav.Server\BrandUp.CardDav.Server.csproj", "{67CBCF00-7BB8-43A8-BBF5-4C3B7DCC4183}"
EndProject
Project("{9A19103F-16F7-4668-BE54-9A1E7A4F7556}") = "BrandUp.CardDav.Server.Abstractions", "src\BrandUp.CardDav.Server.Abstractions\BrandUp.CardDav.Server.Abstractions.csproj", "{BABBE7FB-D4B9-4902-B104-8A797AE57610}"
EndProject
Global
	GlobalSection(SolutionConfigurationPlatforms) = preSolution
		Debug|Any CPU = Debug|Any CPU
		Release|Any CPU = Release|Any CPU
	EndGlobalSection
	GlobalSection(ProjectConfigurationPlatforms) = postSolution
		{5A6F2ED2-54B7-4447-BD76-9071B9597624}.Debug|Any CPU.ActiveCfg = Debug|Any CPU
		{5A6F2ED2-54B7-4447-BD76-9071B9597624}.Debug|Any CPU.Build.0 = Debug|Any CPU
		{5A6F2ED2-54B7-4447-BD76-9071B9597624}.Release|Any CPU.ActiveCfg = Release|Any CPU
		{5A6F2ED2-54B7-4447-BD76-9071B9597624}.Release|Any CPU.Build.0 = Release|Any CPU
		{DF153450-C715-43F5-A394-12830565AAB9}.Debug|Any CPU.ActiveCfg = Debug|Any CPU
		{DF153450-C715-43F5-A394-12830565AAB9}.Debug|Any CPU.Build.0 = Debug|Any CPU
		{DF153450-C715-43F5-A394-12830565AAB9}.Release|Any CPU.ActiveCfg = Release|Any CPU
		{DF153450-C715-43F5-A394-12830565AAB9}.Release|Any CPU.Build.0 = Release|Any CPU
		{BA7354DD-5573-401D-A8AE-713A82A71DEE}.Debug|Any CPU.ActiveCfg = Debug|Any CPU
		{BA7354DD-5573-401D-A8AE-713A82A71DEE}.Debug|Any CPU.Build.0 = Debug|Any CPU
		{BA7354DD-5573-401D-A8AE-713A82A71DEE}.Release|Any CPU.ActiveCfg = Release|Any CPU
		{BA7354DD-5573-401D-A8AE-713A82A71DEE}.Release|Any CPU.Build.0 = Release|Any CPU
		{9CAF913C-A0B8-4874-ADEB-F92C3E8A307F}.Debug|Any CPU.ActiveCfg = Debug|Any CPU
		{9CAF913C-A0B8-4874-ADEB-F92C3E8A307F}.Debug|Any CPU.Build.0 = Debug|Any CPU
		{9CAF913C-A0B8-4874-ADEB-F92C3E8A307F}.Release|Any CPU.ActiveCfg = Release|Any CPU
		{9CAF913C-A0B8-4874-ADEB-F92C3E8A307F}.Release|Any CPU.Build.0 = Release|Any CPU
		{BFFA5ECE-D7B8-475B-9C0D-0A55942CD58D}.Debug|Any CPU.ActiveCfg = Debug|Any CPU
		{BFFA5ECE-D7B8-475B-9C0D-0A55942CD58D}.Debug|Any CPU.Build.0 = Debug|Any CPU
		{BFFA5ECE-D7B8-475B-9C0D-0A55942CD58D}.Release|Any CPU.ActiveCfg = Release|Any CPU
		{BFFA5ECE-D7B8-475B-9C0D-0A55942CD58D}.Release|Any CPU.Build.0 = Release|Any CPU
		{85481F14-17F4-43E7-AE44-0407C775C5E9}.Debug|Any CPU.ActiveCfg = Debug|Any CPU
		{85481F14-17F4-43E7-AE44-0407C775C5E9}.Debug|Any CPU.Build.0 = Debug|Any CPU
		{85481F14-17F4-43E7-AE44-0407C775C5E9}.Release|Any CPU.ActiveCfg = Release|Any CPU
		{85481F14-17F4-43E7-AE44-0407C775C5E9}.Release|Any CPU.Build.0 = Release|Any CPU
		{EDD38BD1-BCB5-4831-B5E7-7244DD34A570}.Debug|Any CPU.ActiveCfg = Debug|Any CPU
		{EDD38BD1-BCB5-4831-B5E7-7244DD34A570}.Debug|Any CPU.Build.0 = Debug|Any CPU
		{EDD38BD1-BCB5-4831-B5E7-7244DD34A570}.Release|Any CPU.ActiveCfg = Release|Any CPU
		{EDD38BD1-BCB5-4831-B5E7-7244DD34A570}.Release|Any CPU.Build.0 = Release|Any CPU
		{E2F798FD-F110-4227-A961-2ADF98B2FF27}.Debug|Any CPU.ActiveCfg = Debug|Any CPU
		{E2F798FD-F110-4227-A961-2ADF98B2FF27}.Debug|Any CPU.Build.0 = Debug|Any CPU
		{E2F798FD-F110-4227-A961-2ADF98B2FF27}.Release|Any CPU.ActiveCfg = Release|Any CPU
		{E2F798FD-F110-4227-A961-2ADF98B2FF27}.Release|Any CPU.Build.0 = Release|Any CPU
		{E743105A-F0D3-4EED-8672-302584331661}.Debug|Any CPU.ActiveCfg = Debug|Any CPU
		{E743105A-F0D3-4EED-8672-302584331661}.Debug|Any CPU.Build.0 = Debug|Any CPU
		{E743105A-F0D3-4EED-8672-302584331661}.Release|Any CPU.ActiveCfg = Release|Any CPU
		{E743105A-F0D3-4EED-8672-302584331661}.Release|Any CPU.Build.0 = Release|Any CPU
		{67CBCF00-7BB8-43A8-BBF5-4C3B7DCC4183}.Debug|Any CPU.ActiveCfg = Debug|Any CPU
		{67CBCF00-7BB8-43A8-BBF5-4C3B7DCC4183}.Debug|Any CPU.Build.0 = Debug|Any CPU
		{67CBCF00-7BB8-43A8-BBF5-4C3B7DCC4183}.Release|Any CPU.ActiveCfg = Release|Any CPU
		{67CBCF00-7BB8-43A8-BBF5-4C3B7DCC4183}.Release|Any CPU.Build.0 = Release|Any CPU
		{BABBE7FB-D4B9-4902-B104-8A797AE57610}.Debug|Any CPU.ActiveCfg = Debug|Any CPU
		{BABBE7FB-D4B9-4902-B104-8A797AE57610}.Debug|Any CPU.Build.0 = Debug|Any CPU
		{BABBE7FB-D4B9-4902-B104-8A797AE57610}.Release|Any CPU.ActiveCfg = Release|Any CPU
		{BABBE7FB-D4B9-4902-B104-8A797AE57610}.Release|Any CPU.Build.0 = Release|Any CPU
	EndGlobalSection
	GlobalSection(SolutionProperties) = preSolution
		HideSolutionNode = FALSE
	EndGlobalSection
	GlobalSection(NestedProjects) = preSolution
		{5A6F2ED2-54B7-4447-BD76-9071B9597624} = {B18D0C72-1893-4DAA-AE72-6A21378DCA1A}
		{DF153450-C715-43F5-A394-12830565AAB9} = {EA4F368D-472D-4FAE-82CC-CAF8F1B8AE53}
		{BA7354DD-5573-401D-A8AE-713A82A71DEE} = {EA4F368D-472D-4FAE-82CC-CAF8F1B8AE53}
		{9CAF913C-A0B8-4874-ADEB-F92C3E8A307F} = {70C8043F-300F-4F04-B010-697F41437BF3}
		{BFFA5ECE-D7B8-475B-9C0D-0A55942CD58D} = {EA4F368D-472D-4FAE-82CC-CAF8F1B8AE53}
		{85481F14-17F4-43E7-AE44-0407C775C5E9} = {70C8043F-300F-4F04-B010-697F41437BF3}
		{EDD38BD1-BCB5-4831-B5E7-7244DD34A570} = {EA4F368D-472D-4FAE-82CC-CAF8F1B8AE53}
		{E2F798FD-F110-4227-A961-2ADF98B2FF27} = {70C8043F-300F-4F04-B010-697F41437BF3}
		{E743105A-F0D3-4EED-8672-302584331661} = {EA4F368D-472D-4FAE-82CC-CAF8F1B8AE53}
		{67CBCF00-7BB8-43A8-BBF5-4C3B7DCC4183} = {EA4F368D-472D-4FAE-82CC-CAF8F1B8AE53}
		{BABBE7FB-D4B9-4902-B104-8A797AE57610} = {EA4F368D-472D-4FAE-82CC-CAF8F1B8AE53}
	EndGlobalSection
	GlobalSection(ExtensibilityGlobals) = postSolution
		SolutionGuid = {D47DF41B-DD5F-4EC6-B1A6-B586F8CE2E88}
	EndGlobalSection
EndGlobal
